// !$*UTF8*$!
{
	archiveVersion = 1;
	classes = {
	};
	objectVersion = 55;
	objects = {

/* Begin PBXBuildFile section */
		68858CC428A1242F0027E548 /* CircleImage.swift in Sources */ = {isa = PBXBuildFile; fileRef = 68858CC328A1242F0027E548 /* CircleImage.swift */; };
		68858CC628A12CBF0027E548 /* MapView.swift in Sources */ = {isa = PBXBuildFile; fileRef = 68858CC528A12CBF0027E548 /* MapView.swift */; };
		68A1C2C7289FF96100B8DFF7 /* LandmarksApp.swift in Sources */ = {isa = PBXBuildFile; fileRef = 68A1C2C6289FF96100B8DFF7 /* LandmarksApp.swift */; };
		68A1C2C9289FF96100B8DFF7 /* ContentView.swift in Sources */ = {isa = PBXBuildFile; fileRef = 68A1C2C8289FF96100B8DFF7 /* ContentView.swift */; };
		68A1C2CB289FF96400B8DFF7 /* Assets.xcassets in Resources */ = {isa = PBXBuildFile; fileRef = 68A1C2CA289FF96400B8DFF7 /* Assets.xcassets */; };
		68A1C2CE289FF96400B8DFF7 /* Preview Assets.xcassets in Resources */ = {isa = PBXBuildFile; fileRef = 68A1C2CD289FF96400B8DFF7 /* Preview Assets.xcassets */; };
		68A1C2D8289FF96400B8DFF7 /* LandmarksTests.swift in Sources */ = {isa = PBXBuildFile; fileRef = 68A1C2D7289FF96400B8DFF7 /* LandmarksTests.swift */; };
		68A1C2E2289FF96400B8DFF7 /* LandmarksUITests.swift in Sources */ = {isa = PBXBuildFile; fileRef = 68A1C2E1289FF96400B8DFF7 /* LandmarksUITests.swift */; };
		68A1C2E4289FF96400B8DFF7 /* LandmarksUITestsLaunchTests.swift in Sources */ = {isa = PBXBuildFile; fileRef = 68A1C2E3289FF96400B8DFF7 /* LandmarksUITestsLaunchTests.swift */; };
/* End PBXBuildFile section */

/* Begin PBXContainerItemProxy section */
		68A1C2D4289FF96400B8DFF7 /* PBXContainerItemProxy */ = {
			isa = PBXContainerItemProxy;
			containerPortal = 68A1C2BB289FF96100B8DFF7 /* Project object */;
			proxyType = 1;
			remoteGlobalIDString = 68A1C2C2289FF96100B8DFF7;
			remoteInfo = Landmarks;
		};
		68A1C2DE289FF96400B8DFF7 /* PBXContainerItemProxy */ = {
			isa = PBXContainerItemProxy;
			containerPortal = 68A1C2BB289FF96100B8DFF7 /* Project object */;
			proxyType = 1;
			remoteGlobalIDString = 68A1C2C2289FF96100B8DFF7;
			remoteInfo = Landmarks;
		};
/* End PBXContainerItemProxy section */

/* Begin PBXFileReference section */
		68858CC328A1242F0027E548 /* CircleImage.swift */ = {isa = PBXFileReference; lastKnownFileType = sourcecode.swift; path = CircleImage.swift; sourceTree = "<group>"; };
		68858CC528A12CBF0027E548 /* MapView.swift */ = {isa = PBXFileReference; lastKnownFileType = sourcecode.swift; path = MapView.swift; sourceTree = "<group>"; };
		68A1C2C3289FF96100B8DFF7 /* Landmarks.app */ = {isa = PBXFileReference; explicitFileType = wrapper.application; includeInIndex = 0; path = Landmarks.app; sourceTree = BUILT_PRODUCTS_DIR; };
		68A1C2C6289FF96100B8DFF7 /* LandmarksApp.swift */ = {isa = PBXFileReference; lastKnownFileType = sourcecode.swift; path = LandmarksApp.swift; sourceTree = "<group>"; };
		68A1C2C8289FF96100B8DFF7 /* ContentView.swift */ = {isa = PBXFileReference; lastKnownFileType = sourcecode.swift; path = ContentView.swift; sourceTree = "<group>"; };
		68A1C2CA289FF96400B8DFF7 /* Assets.xcassets */ = {isa = PBXFileReference; lastKnownFileType = folder.assetcatalog; path = Assets.xcassets; sourceTree = "<group>"; };
		68A1C2CD289FF96400B8DFF7 /* Preview Assets.xcassets */ = {isa = PBXFileReference; lastKnownFileType = folder.assetcatalog; path = "Preview Assets.xcassets"; sourceTree = "<group>"; };
		68A1C2D3289FF96400B8DFF7 /* LandmarksTests.xctest */ = {isa = PBXFileReference; explicitFileType = wrapper.cfbundle; includeInIndex = 0; path = LandmarksTests.xctest; sourceTree = BUILT_PRODUCTS_DIR; };
		68A1C2D7289FF96400B8DFF7 /* LandmarksTests.swift */ = {isa = PBXFileReference; lastKnownFileType = sourcecode.swift; path = LandmarksTests.swift; sourceTree = "<group>"; };
		68A1C2DD289FF96400B8DFF7 /* LandmarksUITests.xctest */ = {isa = PBXFileReference; explicitFileType = wrapper.cfbundle; includeInIndex = 0; path = LandmarksUITests.xctest; sourceTree = BUILT_PRODUCTS_DIR; };
		68A1C2E1289FF96400B8DFF7 /* LandmarksUITests.swift */ = {isa = PBXFileReference; lastKnownFileType = sourcecode.swift; path = LandmarksUITests.swift; sourceTree = "<group>"; };
		68A1C2E3289FF96400B8DFF7 /* LandmarksUITestsLaunchTests.swift */ = {isa = PBXFileReference; lastKnownFileType = sourcecode.swift; path = LandmarksUITestsLaunchTests.swift; sourceTree = "<group>"; };
/* End PBXFileReference section */

/* Begin PBXFrameworksBuildPhase section */
		68A1C2C0289FF96100B8DFF7 /* Frameworks */ = {
			isa = PBXFrameworksBuildPhase;
			buildActionMask = 2147483647;
			files = (
			);
			runOnlyForDeploymentPostprocessing = 0;
		};
		68A1C2D0289FF96400B8DFF7 /* Frameworks */ = {
			isa = PBXFrameworksBuildPhase;
			buildActionMask = 2147483647;
			files = (
			);
			runOnlyForDeploymentPostprocessing = 0;
		};
		68A1C2DA289FF96400B8DFF7 /* Frameworks */ = {
			isa = PBXFrameworksBuildPhase;
			buildActionMask = 2147483647;
			files = (
			);
			runOnlyForDeploymentPostprocessing = 0;
		};
/* End PBXFrameworksBuildPhase section */

/* Begin PBXGroup section */
		68A1C2BA289FF96100B8DFF7 = {
			isa = PBXGroup;
			children = (
				68A1C2C5289FF96100B8DFF7 /* Landmarks */,
				68A1C2D6289FF96400B8DFF7 /* LandmarksTests */,
				68A1C2E0289FF96400B8DFF7 /* LandmarksUITests */,
				68A1C2C4289FF96100B8DFF7 /* Products */,
			);
			sourceTree = "<group>";
		};
		68A1C2C4289FF96100B8DFF7 /* Products */ = {
			isa = PBXGroup;
			children = (
				68A1C2C3289FF96100B8DFF7 /* Landmarks.app */,
				68A1C2D3289FF96400B8DFF7 /* LandmarksTests.xctest */,
				68A1C2DD289FF96400B8DFF7 /* LandmarksUITests.xctest */,
			);
			name = Products;
			sourceTree = "<group>";
		};
		68A1C2C5289FF96100B8DFF7 /* Landmarks */ = {
			isa = PBXGroup;
			children = (
				68A1C2C6289FF96100B8DFF7 /* LandmarksApp.swift */,
				68A1C2C8289FF96100B8DFF7 /* ContentView.swift */,
				68A1C2CA289FF96400B8DFF7 /* Assets.xcassets */,
				68858CC328A1242F0027E548 /* CircleImage.swift */,
				68858CC528A12CBF0027E548 /* MapView.swift */,
				68A1C2CC289FF96400B8DFF7 /* Preview Content */,
			);
			path = Landmarks;
			sourceTree = "<group>";
		};
		68A1C2CC289FF96400B8DFF7 /* Preview Content */ = {
			isa = PBXGroup;
			children = (
				68A1C2CD289FF96400B8DFF7 /* Preview Assets.xcassets */,
			);
			path = "Preview Content";
			sourceTree = "<group>";
		};
		68A1C2D6289FF96400B8DFF7 /* LandmarksTests */ = {
			isa = PBXGroup;
			children = (
				68A1C2D7289FF96400B8DFF7 /* LandmarksTests.swift */,
			);
			path = LandmarksTests;
			sourceTree = "<group>";
		};
		68A1C2E0289FF96400B8DFF7 /* LandmarksUITests */ = {
			isa = PBXGroup;
			children = (
				68A1C2E1289FF96400B8DFF7 /* LandmarksUITests.swift */,
				68A1C2E3289FF96400B8DFF7 /* LandmarksUITestsLaunchTests.swift */,
			);
			path = LandmarksUITests;
			sourceTree = "<group>";
		};
/* End PBXGroup section */

/* Begin PBXNativeTarget section */
		68A1C2C2289FF96100B8DFF7 /* Landmarks */ = {
			isa = PBXNativeTarget;
			buildConfigurationList = 68A1C2E7289FF96400B8DFF7 /* Build configuration list for PBXNativeTarget "Landmarks" */;
			buildPhases = (
				68A1C2BF289FF96100B8DFF7 /* Sources */,
				68A1C2C0289FF96100B8DFF7 /* Frameworks */,
				68A1C2C1289FF96100B8DFF7 /* Resources */,
			);
			buildRules = (
			);
			dependencies = (
			);
			name = Landmarks;
			productName = Landmarks;
			productReference = 68A1C2C3289FF96100B8DFF7 /* Landmarks.app */;
			productType = "com.apple.product-type.application";
		};
		68A1C2D2289FF96400B8DFF7 /* LandmarksTests */ = {
			isa = PBXNativeTarget;
			buildConfigurationList = 68A1C2EA289FF96400B8DFF7 /* Build configuration list for PBXNativeTarget "LandmarksTests" */;
			buildPhases = (
				68A1C2CF289FF96400B8DFF7 /* Sources */,
				68A1C2D0289FF96400B8DFF7 /* Frameworks */,
				68A1C2D1289FF96400B8DFF7 /* Resources */,
			);
			buildRules = (
			);
			dependencies = (
				68A1C2D5289FF96400B8DFF7 /* PBXTargetDependency */,
			);
			name = LandmarksTests;
			productName = LandmarksTests;
			productReference = 68A1C2D3289FF96400B8DFF7 /* LandmarksTests.xctest */;
			productType = "com.apple.product-type.bundle.unit-test";
		};
		68A1C2DC289FF96400B8DFF7 /* LandmarksUITests */ = {
			isa = PBXNativeTarget;
			buildConfigurationList = 68A1C2ED289FF96400B8DFF7 /* Build configuration list for PBXNativeTarget "LandmarksUITests" */;
			buildPhases = (
				68A1C2D9289FF96400B8DFF7 /* Sources */,
				68A1C2DA289FF96400B8DFF7 /* Frameworks */,
				68A1C2DB289FF96400B8DFF7 /* Resources */,
			);
			buildRules = (
			);
			dependencies = (
				68A1C2DF289FF96400B8DFF7 /* PBXTargetDependency */,
			);
			name = LandmarksUITests;
			productName = LandmarksUITests;
			productReference = 68A1C2DD289FF96400B8DFF7 /* LandmarksUITests.xctest */;
			productType = "com.apple.product-type.bundle.ui-testing";
		};
/* End PBXNativeTarget section */

/* Begin PBXProject section */
		68A1C2BB289FF96100B8DFF7 /* Project object */ = {
			isa = PBXProject;
			attributes = {
				BuildIndependentTargetsInParallel = 1;
				LastSwiftUpdateCheck = 1340;
				LastUpgradeCheck = 1340;
				TargetAttributes = {
					68A1C2C2289FF96100B8DFF7 = {
						CreatedOnToolsVersion = 13.4.1;
					};
					68A1C2D2289FF96400B8DFF7 = {
						CreatedOnToolsVersion = 13.4.1;
						TestTargetID = 68A1C2C2289FF96100B8DFF7;
					};
					68A1C2DC289FF96400B8DFF7 = {
						CreatedOnToolsVersion = 13.4.1;
						TestTargetID = 68A1C2C2289FF96100B8DFF7;
					};
				};
			};
			buildConfigurationList = 68A1C2BE289FF96100B8DFF7 /* Build configuration list for PBXProject "Landmarks" */;
			compatibilityVersion = "Xcode 13.0";
			developmentRegion = en;
			hasScannedForEncodings = 0;
			knownRegions = (
				en,
				Base,
			);
			mainGroup = 68A1C2BA289FF96100B8DFF7;
			productRefGroup = 68A1C2C4289FF96100B8DFF7 /* Products */;
			projectDirPath = "";
			projectRoot = "";
			targets = (
				68A1C2C2289FF96100B8DFF7 /* Landmarks */,
				68A1C2D2289FF96400B8DFF7 /* LandmarksTests */,
				68A1C2DC289FF96400B8DFF7 /* LandmarksUITests */,
			);
		};
/* End PBXProject section */

/* Begin PBXResourcesBuildPhase section */
		68A1C2C1289FF96100B8DFF7 /* Resources */ = {
			isa = PBXResourcesBuildPhase;
			buildActionMask = 2147483647;
			files = (
				68A1C2CE289FF96400B8DFF7 /* Preview Assets.xcassets in Resources */,
				68A1C2CB289FF96400B8DFF7 /* Assets.xcassets in Resources */,
			);
			runOnlyForDeploymentPostprocessing = 0;
		};
		68A1C2D1289FF96400B8DFF7 /* Resources */ = {
			isa = PBXResourcesBuildPhase;
			buildActionMask = 2147483647;
			files = (
			);
			runOnlyForDeploymentPostprocessing = 0;
		};
		68A1C2DB289FF96400B8DFF7 /* Resources */ = {
			isa = PBXResourcesBuildPhase;
			buildActionMask = 2147483647;
			files = (
			);
			runOnlyForDeploymentPostprocessing = 0;
		};
/* End PBXResourcesBuildPhase section */

/* Begin PBXSourcesBuildPhase section */
		68A1C2BF289FF96100B8DFF7 /* Sources */ = {
			isa = PBXSourcesBuildPhase;
			buildActionMask = 2147483647;
			files = (
				68A1C2C9289FF96100B8DFF7 /* ContentView.swift in Sources */,
				68858CC628A12CBF0027E548 /* MapView.swift in Sources */,
				68A1C2C7289FF96100B8DFF7 /* LandmarksApp.swift in Sources */,
				68858CC428A1242F0027E548 /* CircleImage.swift in Sources */,
			);
			runOnlyForDeploymentPostprocessing = 0;
		};
		68A1C2CF289FF96400B8DFF7 /* Sources */ = {
			isa = PBXSourcesBuildPhase;
			buildActionMask = 2147483647;
			files = (
				68A1C2D8289FF96400B8DFF7 /* LandmarksTests.swift in Sources */,
			);
			runOnlyForDeploymentPostprocessing = 0;
		};
		68A1C2D9289FF96400B8DFF7 /* Sources */ = {
			isa = PBXSourcesBuildPhase;
			buildActionMask = 2147483647;
			files = (
				68A1C2E4289FF96400B8DFF7 /* LandmarksUITestsLaunchTests.swift in Sources */,
				68A1C2E2289FF96400B8DFF7 /* LandmarksUITests.swift in Sources */,
			);
			runOnlyForDeploymentPostprocessing = 0;
		};
/* End PBXSourcesBuildPhase section */

/* Begin PBXTargetDependency section */
		68A1C2D5289FF96400B8DFF7 /* PBXTargetDependency */ = {
			isa = PBXTargetDependency;
			target = 68A1C2C2289FF96100B8DFF7 /* Landmarks */;
			targetProxy = 68A1C2D4289FF96400B8DFF7 /* PBXContainerItemProxy */;
		};
		68A1C2DF289FF96400B8DFF7 /* PBXTargetDependency */ = {
			isa = PBXTargetDependency;
			target = 68A1C2C2289FF96100B8DFF7 /* Landmarks */;
			targetProxy = 68A1C2DE289FF96400B8DFF7 /* PBXContainerItemProxy */;
		};
/* End PBXTargetDependency section */

/* Begin XCBuildConfiguration section */
		68A1C2E5289FF96400B8DFF7 /* Debug */ = {
			isa = XCBuildConfiguration;
			buildSettings = {
				ALWAYS_SEARCH_USER_PATHS = NO;
				CLANG_ANALYZER_NONNULL = YES;
				CLANG_ANALYZER_NUMBER_OBJECT_CONVERSION = YES_AGGRESSIVE;
				CLANG_CXX_LANGUAGE_STANDARD = "gnu++17";
				CLANG_ENABLE_MODULES = YES;
				CLANG_ENABLE_OBJC_ARC = YES;
				CLANG_ENABLE_OBJC_WEAK = YES;
				CLANG_WARN_BLOCK_CAPTURE_AUTORELEASING = YES;
				CLANG_WARN_BOOL_CONVERSION = YES;
				CLANG_WARN_COMMA = YES;
				CLANG_WARN_CONSTANT_CONVERSION = YES;
				CLANG_WARN_DEPRECATED_OBJC_IMPLEMENTATIONS = YES;
				CLANG_WARN_DIRECT_OBJC_ISA_USAGE = YES_ERROR;
				CLANG_WARN_DOCUMENTATION_COMMENTS = YES;
				CLANG_WARN_EMPTY_BODY = YES;
				CLANG_WARN_ENUM_CONVERSION = YES;
				CLANG_WARN_INFINITE_RECURSION = YES;
				CLANG_WARN_INT_CONVERSION = YES;
				CLANG_WARN_NON_LITERAL_NULL_CONVERSION = YES;
				CLANG_WARN_OBJC_IMPLICIT_RETAIN_SELF = YES;
				CLANG_WARN_OBJC_LITERAL_CONVERSION = YES;
				CLANG_WARN_OBJC_ROOT_CLASS = YES_ERROR;
				CLANG_WARN_QUOTED_INCLUDE_IN_FRAMEWORK_HEADER = YES;
				CLANG_WARN_RANGE_LOOP_ANALYSIS = YES;
				CLANG_WARN_STRICT_PROTOTYPES = YES;
				CLANG_WARN_SUSPICIOUS_MOVE = YES;
				CLANG_WARN_UNGUARDED_AVAILABILITY = YES_AGGRESSIVE;
				CLANG_WARN_UNREACHABLE_CODE = YES;
				CLANG_WARN__DUPLICATE_METHOD_MATCH = YES;
				COPY_PHASE_STRIP = NO;
				DEBUG_INFORMATION_FORMAT = dwarf;
				ENABLE_STRICT_OBJC_MSGSEND = YES;
				ENABLE_TESTABILITY = YES;
				GCC_C_LANGUAGE_STANDARD = gnu11;
				GCC_DYNAMIC_NO_PIC = NO;
				GCC_NO_COMMON_BLOCKS = YES;
				GCC_OPTIMIZATION_LEVEL = 0;
				GCC_PREPROCESSOR_DEFINITIONS = (
					"DEBUG=1",
					"$(inherited)",
				);
				GCC_WARN_64_TO_32_BIT_CONVERSION = YES;
				GCC_WARN_ABOUT_RETURN_TYPE = YES_ERROR;
				GCC_WARN_UNDECLARED_SELECTOR = YES;
				GCC_WARN_UNINITIALIZED_AUTOS = YES_AGGRESSIVE;
				GCC_WARN_UNUSED_FUNCTION = YES;
				GCC_WARN_UNUSED_VARIABLE = YES;
				IPHONEOS_DEPLOYMENT_TARGET = 15.5;
				MTL_ENABLE_DEBUG_INFO = INCLUDE_SOURCE;
				MTL_FAST_MATH = YES;
				ONLY_ACTIVE_ARCH = YES;
				SDKROOT = iphoneos;
				SWIFT_ACTIVE_COMPILATION_CONDITIONS = DEBUG;
				SWIFT_OPTIMIZATION_LEVEL = "-Onone";
			};
			name = Debug;
		};
		68A1C2E6289FF96400B8DFF7 /* Release */ = {
			isa = XCBuildConfiguration;
			buildSettings = {
				ALWAYS_SEARCH_USER_PATHS = NO;
				CLANG_ANALYZER_NONNULL = YES;
				CLANG_ANALYZER_NUMBER_OBJECT_CONVERSION = YES_AGGRESSIVE;
				CLANG_CXX_LANGUAGE_STANDARD = "gnu++17";
				CLANG_ENABLE_MODULES = YES;
				CLANG_ENABLE_OBJC_ARC = YES;
				CLANG_ENABLE_OBJC_WEAK = YES;
				CLANG_WARN_BLOCK_CAPTURE_AUTORELEASING = YES;
				CLANG_WARN_BOOL_CONVERSION = YES;
				CLANG_WARN_COMMA = YES;
				CLANG_WARN_CONSTANT_CONVERSION = YES;
				CLANG_WARN_DEPRECATED_OBJC_IMPLEMENTATIONS = YES;
				CLANG_WARN_DIRECT_OBJC_ISA_USAGE = YES_ERROR;
				CLANG_WARN_DOCUMENTATION_COMMENTS = YES;
				CLANG_WARN_EMPTY_BODY = YES;
				CLANG_WARN_ENUM_CONVERSION = YES;
				CLANG_WARN_INFINITE_RECURSION = YES;
				CLANG_WARN_INT_CONVERSION = YES;
				CLANG_WARN_NON_LITERAL_NULL_CONVERSION = YES;
				CLANG_WARN_OBJC_IMPLICIT_RETAIN_SELF = YES;
				CLANG_WARN_OBJC_LITERAL_CONVERSION = YES;
				CLANG_WARN_OBJC_ROOT_CLASS = YES_ERROR;
				CLANG_WARN_QUOTED_INCLUDE_IN_FRAMEWORK_HEADER = YES;
				CLANG_WARN_RANGE_LOOP_ANALYSIS = YES;
				CLANG_WARN_STRICT_PROTOTYPES = YES;
				CLANG_WARN_SUSPICIOUS_MOVE = YES;
				CLANG_WARN_UNGUARDED_AVAILABILITY = YES_AGGRESSIVE;
				CLANG_WARN_UNREACHABLE_CODE = YES;
				CLANG_WARN__DUPLICATE_METHOD_MATCH = YES;
				COPY_PHASE_STRIP = NO;
				DEBUG_INFORMATION_FORMAT = "dwarf-with-dsym";
				ENABLE_NS_ASSERTIONS = NO;
				ENABLE_STRICT_OBJC_MSGSEND = YES;
				GCC_C_LANGUAGE_STANDARD = gnu11;
				GCC_NO_COMMON_BLOCKS = YES;
				GCC_WARN_64_TO_32_BIT_CONVERSION = YES;
				GCC_WARN_ABOUT_RETURN_TYPE = YES_ERROR;
				GCC_WARN_UNDECLARED_SELECTOR = YES;
				GCC_WARN_UNINITIALIZED_AUTOS = YES_AGGRESSIVE;
				GCC_WARN_UNUSED_FUNCTION = YES;
				GCC_WARN_UNUSED_VARIABLE = YES;
				IPHONEOS_DEPLOYMENT_TARGET = 15.5;
				MTL_ENABLE_DEBUG_INFO = NO;
				MTL_FAST_MATH = YES;
				SDKROOT = iphoneos;
				SWIFT_COMPILATION_MODE = wholemodule;
				SWIFT_OPTIMIZATION_LEVEL = "-O";
				VALIDATE_PRODUCT = YES;
			};
			name = Release;
		};
		68A1C2E8289FF96400B8DFF7 /* Debug */ = {
			isa = XCBuildConfiguration;
			buildSettings = {
				ASSETCATALOG_COMPILER_APPICON_NAME = AppIcon;
				ASSETCATALOG_COMPILER_GLOBAL_ACCENT_COLOR_NAME = AccentColor;
				CODE_SIGN_STYLE = Automatic;
				CURRENT_PROJECT_VERSION = 1;
				DEVELOPMENT_ASSET_PATHS = "\"Landmarks/Preview Content\"";
				ENABLE_PREVIEWS = YES;
				GENERATE_INFOPLIST_FILE = YES;
				INFOPLIST_KEY_UIApplicationSceneManifest_Generation = YES;
				INFOPLIST_KEY_UIApplicationSupportsIndirectInputEvents = YES;
				INFOPLIST_KEY_UILaunchScreen_Generation = YES;
				INFOPLIST_KEY_UISupportedInterfaceOrientations_iPad = "UIInterfaceOrientationPortrait UIInterfaceOrientationPortraitUpsideDown UIInterfaceOrientationLandscapeLeft UIInterfaceOrientationLandscapeRight";
				INFOPLIST_KEY_UISupportedInterfaceOrientations_iPhone = "UIInterfaceOrientationPortrait UIInterfaceOrientationLandscapeLeft UIInterfaceOrientationLandscapeRight";
				LD_RUNPATH_SEARCH_PATHS = (
					"$(inherited)",
					"@executable_path/Frameworks",
				);
				MARKETING_VERSION = 1.0;
				PRODUCT_BUNDLE_IDENTIFIER = dogafincan.Landmarks;
				PRODUCT_NAME = "$(TARGET_NAME)";
				SWIFT_EMIT_LOC_STRINGS = YES;
				SWIFT_VERSION = 5.0;
				TARGETED_DEVICE_FAMILY = "1,2";
			};
			name = Debug;
		};
		68A1C2E9289FF96400B8DFF7 /* Release */ = {
			isa = XCBuildConfiguration;
			buildSettings = {
				ASSETCATALOG_COMPILER_APPICON_NAME = AppIcon;
				ASSETCATALOG_COMPILER_GLOBAL_ACCENT_COLOR_NAME = AccentColor;
				CODE_SIGN_STYLE = Automatic;
				CURRENT_PROJECT_VERSION = 1;
				DEVELOPMENT_ASSET_PATHS = "\"Landmarks/Preview Content\"";
				ENABLE_PREVIEWS = YES;
				GENERATE_INFOPLIST_FILE = YES;
				INFOPLIST_KEY_UIApplicationSceneManifest_Generation = YES;
				INFOPLIST_KEY_UIApplicationSupportsIndirectInputEvents = YES;
				INFOPLIST_KEY_UILaunchScreen_Generation = YES;
				INFOPLIST_KEY_UISupportedInterfaceOrientations_iPad = "UIInterfaceOrientationPortrait UIInterfaceOrientationPortraitUpsideDown UIInterfaceOrientationLandscapeLeft UIInterfaceOrientationLandscapeRight";
				INFOPLIST_KEY_UISupportedInterfaceOrientations_iPhone = "UIInterfaceOrientationPortrait UIInterfaceOrientationLandscapeLeft UIInterfaceOrientationLandscapeRight";
				LD_RUNPATH_SEARCH_PATHS = (
					"$(inherited)",
					"@executable_path/Frameworks",
				);
				MARKETING_VERSION = 1.0;
				PRODUCT_BUNDLE_IDENTIFIER = dogafincan.Landmarks;
				PRODUCT_NAME = "$(TARGET_NAME)";
				SWIFT_EMIT_LOC_STRINGS = YES;
				SWIFT_VERSION = 5.0;
				TARGETED_DEVICE_FAMILY = "1,2";
			};
			name = Release;
		};
		68A1C2EB289FF96400B8DFF7 /* Debug */ = {
			isa = XCBuildConfiguration;
			buildSettings = {
				ALWAYS_EMBED_SWIFT_STANDARD_LIBRARIES = YES;
				BUNDLE_LOADER = "$(TEST_HOST)";
				CODE_SIGN_STYLE = Automatic;
				CURRENT_PROJECT_VERSION = 1;
				GENERATE_INFOPLIST_FILE = YES;
				IPHONEOS_DEPLOYMENT_TARGET = 15.5;
				MARKETING_VERSION = 1.0;
				PRODUCT_BUNDLE_IDENTIFIER = dogafincan.LandmarksTests;
				PRODUCT_NAME = "$(TARGET_NAME)";
				SWIFT_EMIT_LOC_STRINGS = NO;
				SWIFT_VERSION = 5.0;
				TARGETED_DEVICE_FAMILY = "1,2";
				TEST_HOST = "$(BUILT_PRODUCTS_DIR)/Landmarks.app/Landmarks";
			};
			name = Debug;
		};
		68A1C2EC289FF96400B8DFF7 /* Release */ = {
			isa = XCBuildConfiguration;
			buildSettings = {
				ALWAYS_EMBED_SWIFT_STANDARD_LIBRARIES = YES;
				BUNDLE_LOADER = "$(TEST_HOST)";
				CODE_SIGN_STYLE = Automatic;
				CURRENT_PROJECT_VERSION = 1;
				GENERATE_INFOPLIST_FILE = YES;
				IPHONEOS_DEPLOYMENT_TARGET = 15.5;
				MARKETING_VERSION = 1.0;
				PRODUCT_BUNDLE_IDENTIFIER = dogafincan.LandmarksTests;
				PRODUCT_NAME = "$(TARGET_NAME)";
				SWIFT_EMIT_LOC_STRINGS = NO;
				SWIFT_VERSION = 5.0;
				TARGETED_DEVICE_FAMILY = "1,2";
				TEST_HOST = "$(BUILT_PRODUCTS_DIR)/Landmarks.app/Landmarks";
			};
			name = Release;
		};
		68A1C2EE289FF96400B8DFF7 /* Debug */ = {
			isa = XCBuildConfiguration;
			buildSettings = {
				ALWAYS_EMBED_SWIFT_STANDARD_LIBRARIES = YES;
				CODE_SIGN_STYLE = Automatic;
				CURRENT_PROJECT_VERSION = 1;
				GENERATE_INFOPLIST_FILE = YES;
				MARKETING_VERSION = 1.0;
				PRODUCT_BUNDLE_IDENTIFIER = dogafincan.LandmarksUITests;
				PRODUCT_NAME = "$(TARGET_NAME)";
				SWIFT_EMIT_LOC_STRINGS = NO;
				SWIFT_VERSION = 5.0;
				TARGETED_DEVICE_FAMILY = "1,2";
				TEST_TARGET_NAME = Landmarks;
			};
			name = Debug;
		};
		68A1C2EF289FF96400B8DFF7 /* Release */ = {
			isa = XCBuildConfiguration;
			buildSettings = {
				ALWAYS_EMBED_SWIFT_STANDARD_LIBRARIES = YES;
				CODE_SIGN_STYLE = Automatic;
				CURRENT_PROJECT_VERSION = 1;
				GENERATE_INFOPLIST_FILE = YES;
				MARKETING_VERSION = 1.0;
				PRODUCT_BUNDLE_IDENTIFIER = dogafincan.LandmarksUITests;
				PRODUCT_NAME = "$(TARGET_NAME)";
				SWIFT_EMIT_LOC_STRINGS = NO;
				SWIFT_VERSION = 5.0;
				TARGETED_DEVICE_FAMILY = "1,2";
				TEST_TARGET_NAME = Landmarks;
			};
			name = Release;
		};
/* End XCBuildConfiguration section */

/* Begin XCConfigurationList section */
		68A1C2BE289FF96100B8DFF7 /* Build configuration list for PBXProject "Landmarks" */ = {
			isa = XCConfigurationList;
			buildConfigurations = (
				68A1C2E5289FF96400B8DFF7 /* Debug */,
				68A1C2E6289FF96400B8DFF7 /* Release */,
			);
			defaultConfigurationIsVisible = 0;
			defaultConfigurationName = Release;
		};
		68A1C2E7289FF96400B8DFF7 /* Build configuration list for PBXNativeTarget "Landmarks" */ = {
			isa = XCConfigurationList;
			buildConfigurations = (
				68A1C2E8289FF96400B8DFF7 /* Debug */,
				68A1C2E9289FF96400B8DFF7 /* Release */,
			);
			defaultConfigurationIsVisible = 0;
			defaultConfigurationName = Release;
		};
		68A1C2EA289FF96400B8DFF7 /* Build configuration list for PBXNativeTarget "LandmarksTests" */ = {
			isa = XCConfigurationList;
			buildConfigurations = (
				68A1C2EB289FF96400B8DFF7 /* Debug */,
				68A1C2EC289FF96400B8DFF7 /* Release */,
			);
			defaultConfigurationIsVisible = 0;
			defaultConfigurationName = Release;
		};
		68A1C2ED289FF96400B8DFF7 /* Build configuration list for PBXNativeTarget "LandmarksUITests" */ = {
			isa = XCConfigurationList;
			buildConfigurations = (
				68A1C2EE289FF96400B8DFF7 /* Debug */,
				68A1C2EF289FF96400B8DFF7 /* Release */,
			);
			defaultConfigurationIsVisible = 0;
			defaultConfigurationName = Release;
		};
/* End XCConfigurationList section */
	};
	rootObject = 68A1C2BB289FF96100B8DFF7 /* Project object */;
}
